
Microsoft Visual Studio Solution File, Format Version 12.00
# Visual Studio Version 17
VisualStudioVersion = 17.2.32630.192
MinimumVisualStudioVersion = 10.0.40219.1
Project("{8BC9CEB8-8B4A-11D0-8D11-00A0C91BC942}") = "第一次c++", "第一次c++.vcxproj", "{925B54D3-8208-49B6-8296-57DAD2A7CE18}"
EndProject
Global
	GlobalSection(SolutionConfigurationPlatforms) = preSolution
		Debug|x64 = Debug|x64
		Debug|x86 = Debug|x86
		Release|x64 = Release|x64
		Release|x86 = Release|x86
	EndGlobalSection
	GlobalSection(ProjectConfigurationPlatforms) = postSolution
		{925B54D3-8208-49B6-8296-57DAD2A7CE18}.Debug|x64.ActiveCfg = Debug|x64
		{925B54D3-8208-49B6-8296-57DAD2A7CE18}.Debug|x64.Build.0 = Debug|x64
		{925B54D3-8208-49B6-8296-57DAD2A7CE18}.Debug|x86.ActiveCfg = Debug|Win32
		{925B54D3-8208-49B6-8296-57DAD2A7CE18}.Debug|x86.Build.0 = Debug|Win32
		{925B54D3-8208-49B6-8296-57DAD2A7CE18}.Release|x64.ActiveCfg = Release|x64
		{925B54D3-8208-49B6-8296-57DAD2A7CE18}.Release|x64.Build.0 = Release|x64
		{925B54D3-8208-49B6-8296-57DAD2A7CE18}.Release|x86.ActiveCfg = Release|Win32
		{925B54D3-8208-49B6-8296-57DAD2A7CE18}.Release|x86.Build.0 = Release|Win32
	EndGlobalSection
	GlobalSection(SolutionProperties) = preSolution
		HideSolutionNode = FALSE
	EndGlobalSection
	GlobalSection(ExtensibilityGlobals) = postSolution
		SolutionGuid = {BC1268E1-821A-46FE-81F4-16DB912866D7}
	EndGlobalSection
EndGlobal
